
Microsoft Visual Studio Solution File, Format Version 12.00
# Visual Studio Version 17
VisualStudioVersion = 17.10.34916.146
MinimumVisualStudioVersion = 10.0.40219.1
Project("{FAE04EC0-301F-11D3-BF4B-00C04F79EFBC}") = "ValidParenthesis", "ValidParenthesis\ValidParenthesis.csproj", "{364AF2A2-8C93-44E7-831E-3E27A29373B1}"
EndProject
Project("{FAE04EC0-301F-11D3-BF4B-00C04F79EFBC}") = "ValidParenthesisTest", "ValidParenthesisTest\ValidParenthesisTest.csproj", "{3BEBA96E-9956-4846-A834-F4307AC38CAD}"
EndProject
Global
	GlobalSection(SolutionConfigurationPlatforms) = preSolution
		Debug|Any CPU = Debug|Any CPU
		Release|Any CPU = Release|Any CPU
	EndGlobalSection
	GlobalSection(ProjectConfigurationPlatforms) = postSolution
		{364AF2A2-8C93-44E7-831E-3E27A29373B1}.Debug|Any CPU.ActiveCfg = Debug|Any CPU
		{364AF2A2-8C93-44E7-831E-3E27A29373B1}.Debug|Any CPU.Build.0 = Debug|Any CPU
		{364AF2A2-8C93-44E7-831E-3E27A29373B1}.Release|Any CPU.ActiveCfg = Release|Any CPU
		{364AF2A2-8C93-44E7-831E-3E27A29373B1}.Release|Any CPU.Build.0 = Release|Any CPU
		{3BEBA96E-9956-4846-A834-F4307AC38CAD}.Debug|Any CPU.ActiveCfg = Debug|Any CPU
		{3BEBA96E-9956-4846-A834-F4307AC38CAD}.Debug|Any CPU.Build.0 = Debug|Any CPU
		{3BEBA96E-9956-4846-A834-F4307AC38CAD}.Release|Any CPU.ActiveCfg = Release|Any CPU
		{3BEBA96E-9956-4846-A834-F4307AC38CAD}.Release|Any CPU.Build.0 = Release|Any CPU
	EndGlobalSection
	GlobalSection(SolutionProperties) = preSolution
		HideSolutionNode = FALSE
	EndGlobalSection
	GlobalSection(ExtensibilityGlobals) = postSolution
		SolutionGuid = {3B91D513-074D-4E98-8BE3-4AC9FF776266}
	EndGlobalSection
EndGlobal
