
Microsoft Visual Studio Solution File, Format Version 12.00
# Visual Studio Version 17
VisualStudioVersion = 17.10.34916.146
MinimumVisualStudioVersion = 10.0.40219.1
Project("{FAE04EC0-301F-11D3-BF4B-00C04F79EFBC}") = "TwoSum", "TwoSum\TwoSum.csproj", "{BDC45993-AF2F-44C0-BD19-9ADDBDE2638E}"
EndProject
Global
	GlobalSection(SolutionConfigurationPlatforms) = preSolution
		Debug|Any CPU = Debug|Any CPU
		Release|Any CPU = Release|Any CPU
	EndGlobalSection
	GlobalSection(ProjectConfigurationPlatforms) = postSolution
		{BDC45993-AF2F-44C0-BD19-9ADDBDE2638E}.Debug|Any CPU.ActiveCfg = Debug|Any CPU
		{BDC45993-AF2F-44C0-BD19-9ADDBDE2638E}.Debug|Any CPU.Build.0 = Debug|Any CPU
		{BDC45993-AF2F-44C0-BD19-9ADDBDE2638E}.Release|Any CPU.ActiveCfg = Release|Any CPU
		{BDC45993-AF2F-44C0-BD19-9ADDBDE2638E}.Release|Any CPU.Build.0 = Release|Any CPU
	EndGlobalSection
	GlobalSection(SolutionProperties) = preSolution
		HideSolutionNode = FALSE
	EndGlobalSection
	GlobalSection(ExtensibilityGlobals) = postSolution
		SolutionGuid = {21976707-D82C-469B-8BAF-CF9A1CCC3B04}
	EndGlobalSection
EndGlobal
